// !$*UTF8*$!
{
	archiveVersion = 1;
	classes = {
	};
	objectVersion = 50;
	objects = {

/* Begin PBXBuildFile section */
		C276319A2658E8CA002A6313 /* main.cpp in Sources */ = {isa = PBXBuildFile; fileRef = C27631992658E8CA002A6313 /* main.cpp */; };
		C27631A22658E90E002A6313 /* BSpline.cpp in Sources */ = {isa = PBXBuildFile; fileRef = C27631A02658E90E002A6313 /* BSpline.cpp */; };
		C27631A52658FAB8002A6313 /* Legendre.cpp in Sources */ = {isa = PBXBuildFile; fileRef = C27631A32658FAB8002A6313 /* Legendre.cpp */; };
		C27631A82658FAF6002A6313 /* Newton.cpp in Sources */ = {isa = PBXBuildFile; fileRef = C27631A62658FAF6002A6313 /* Newton.cpp */; };
		C27631AB2658FB55002A6313 /* Functor.cpp in Sources */ = {isa = PBXBuildFile; fileRef = C27631A92658FB55002A6313 /* Functor.cpp */; };
		C27631AE2659787A002A6313 /* WayPoint.cpp in Sources */ = {isa = PBXBuildFile; fileRef = C27631AC2659787A002A6313 /* WayPoint.cpp */; };
/* End PBXBuildFile section */

/* Begin PBXCopyFilesBuildPhase section */
		C27631942658E8CA002A6313 /* CopyFiles */ = {
			isa = PBXCopyFilesBuildPhase;
			buildActionMask = 2147483647;
			dstPath = /usr/share/man/man1/;
			dstSubfolderSpec = 0;
			files = (
			);
			runOnlyForDeploymentPostprocessing = 1;
		};
/* End PBXCopyFilesBuildPhase section */

/* Begin PBXFileReference section */
		C27631962658E8CA002A6313 /* Math */ = {isa = PBXFileReference; explicitFileType = "compiled.mach-o.executable"; includeInIndex = 0; path = Math; sourceTree = BUILT_PRODUCTS_DIR; };
		C27631992658E8CA002A6313 /* main.cpp */ = {isa = PBXFileReference; lastKnownFileType = sourcecode.cpp.cpp; path = main.cpp; sourceTree = "<group>"; };
		C27631A02658E90E002A6313 /* BSpline.cpp */ = {isa = PBXFileReference; lastKnownFileType = sourcecode.cpp.cpp; path = BSpline.cpp; sourceTree = "<group>"; };
		C27631A12658E90E002A6313 /* BSpline.hpp */ = {isa = PBXFileReference; lastKnownFileType = sourcecode.cpp.h; path = BSpline.hpp; sourceTree = "<group>"; };
		C27631A32658FAB8002A6313 /* Legendre.cpp */ = {isa = PBXFileReference; lastKnownFileType = sourcecode.cpp.cpp; path = Legendre.cpp; sourceTree = "<group>"; };
		C27631A42658FAB8002A6313 /* Legendre.hpp */ = {isa = PBXFileReference; lastKnownFileType = sourcecode.cpp.h; path = Legendre.hpp; sourceTree = "<group>"; };
		C27631A62658FAF6002A6313 /* Newton.cpp */ = {isa = PBXFileReference; lastKnownFileType = sourcecode.cpp.cpp; path = Newton.cpp; sourceTree = "<group>"; };
		C27631A72658FAF6002A6313 /* Newton.hpp */ = {isa = PBXFileReference; lastKnownFileType = sourcecode.cpp.h; path = Newton.hpp; sourceTree = "<group>"; };
		C27631A92658FB55002A6313 /* Functor.cpp */ = {isa = PBXFileReference; lastKnownFileType = sourcecode.cpp.cpp; path = Functor.cpp; sourceTree = "<group>"; };
		C27631AA2658FB55002A6313 /* Functor.hpp */ = {isa = PBXFileReference; lastKnownFileType = sourcecode.cpp.h; path = Functor.hpp; sourceTree = "<group>"; };
		C27631AC2659787A002A6313 /* WayPoint.cpp */ = {isa = PBXFileReference; lastKnownFileType = sourcecode.cpp.cpp; path = WayPoint.cpp; sourceTree = "<group>"; };
		C27631AD2659787A002A6313 /* WayPoint.hpp */ = {isa = PBXFileReference; lastKnownFileType = sourcecode.cpp.h; path = WayPoint.hpp; sourceTree = "<group>"; };
/* End PBXFileReference section */

/* Begin PBXFrameworksBuildPhase section */
		C27631932658E8CA002A6313 /* Frameworks */ = {
			isa = PBXFrameworksBuildPhase;
			buildActionMask = 2147483647;
			files = (
			);
			runOnlyForDeploymentPostprocessing = 0;
		};
/* End PBXFrameworksBuildPhase section */

/* Begin PBXGroup section */
		C276318D2658E8CA002A6313 = {
			isa = PBXGroup;
			children = (
				C27631982658E8CA002A6313 /* Math */,
				C27631972658E8CA002A6313 /* Products */,
			);
			sourceTree = "<group>";
		};
		C27631972658E8CA002A6313 /* Products */ = {
			isa = PBXGroup;
			children = (
				C27631962658E8CA002A6313 /* Math */,
			);
			name = Products;
			sourceTree = "<group>";
		};
		C27631982658E8CA002A6313 /* Math */ = {
			isa = PBXGroup;
			children = (
				C27631992658E8CA002A6313 /* main.cpp */,
				C27631AC2659787A002A6313 /* WayPoint.cpp */,
				C27631AD2659787A002A6313 /* WayPoint.hpp */,
				C27631A02658E90E002A6313 /* BSpline.cpp */,
				C27631A12658E90E002A6313 /* BSpline.hpp */,
				C27631A92658FB55002A6313 /* Functor.cpp */,
				C27631AA2658FB55002A6313 /* Functor.hpp */,
				C27631A32658FAB8002A6313 /* Legendre.cpp */,
				C27631A42658FAB8002A6313 /* Legendre.hpp */,
				C27631A62658FAF6002A6313 /* Newton.cpp */,
				C27631A72658FAF6002A6313 /* Newton.hpp */,
			);
			path = Math;
			sourceTree = "<group>";
		};
/* End PBXGroup section */

/* Begin PBXNativeTarget section */
		C27631952658E8CA002A6313 /* Math */ = {
			isa = PBXNativeTarget;
			buildConfigurationList = C276319D2658E8CA002A6313 /* Build configuration list for PBXNativeTarget "Math" */;
			buildPhases = (
				C27631922658E8CA002A6313 /* Sources */,
				C27631932658E8CA002A6313 /* Frameworks */,
				C27631942658E8CA002A6313 /* CopyFiles */,
			);
			buildRules = (
			);
			dependencies = (
			);
			name = Math;
			productName = Math;
			productReference = C27631962658E8CA002A6313 /* Math */;
			productType = "com.apple.product-type.tool";
		};
/* End PBXNativeTarget section */

/* Begin PBXProject section */
		C276318E2658E8CA002A6313 /* Project object */ = {
			isa = PBXProject;
			attributes = {
				LastUpgradeCheck = 1250;
				TargetAttributes = {
					C27631952658E8CA002A6313 = {
						CreatedOnToolsVersion = 12.5;
					};
				};
			};
			buildConfigurationList = C27631912658E8CA002A6313 /* Build configuration list for PBXProject "Math" */;
			compatibilityVersion = "Xcode 9.3";
			developmentRegion = en;
			hasScannedForEncodings = 0;
			knownRegions = (
				en,
				Base,
			);
			mainGroup = C276318D2658E8CA002A6313;
			productRefGroup = C27631972658E8CA002A6313 /* Products */;
			projectDirPath = "";
			projectRoot = "";
			targets = (
				C27631952658E8CA002A6313 /* Math */,
			);
		};
/* End PBXProject section */

/* Begin PBXSourcesBuildPhase section */
		C27631922658E8CA002A6313 /* Sources */ = {
			isa = PBXSourcesBuildPhase;
			buildActionMask = 2147483647;
			files = (
				C276319A2658E8CA002A6313 /* main.cpp in Sources */,
				C27631A22658E90E002A6313 /* BSpline.cpp in Sources */,
				C27631A82658FAF6002A6313 /* Newton.cpp in Sources */,
				C27631AB2658FB55002A6313 /* Functor.cpp in Sources */,
				C27631AE2659787A002A6313 /* WayPoint.cpp in Sources */,
				C27631A52658FAB8002A6313 /* Legendre.cpp in Sources */,
			);
			runOnlyForDeploymentPostprocessing = 0;
		};
/* End PBXSourcesBuildPhase section */

/* Begin XCBuildConfiguration section */
		C276319B2658E8CA002A6313 /* Debug */ = {
			isa = XCBuildConfiguration;
			buildSettings = {
				ALWAYS_SEARCH_USER_PATHS = NO;
				CLANG_ANALYZER_NONNULL = YES;
				CLANG_ANALYZER_NUMBER_OBJECT_CONVERSION = YES_AGGRESSIVE;
				CLANG_CXX_LANGUAGE_STANDARD = "gnu++14";
				CLANG_CXX_LIBRARY = "libc++";
				CLANG_ENABLE_MODULES = YES;
				CLANG_ENABLE_OBJC_ARC = YES;
				CLANG_ENABLE_OBJC_WEAK = YES;
				CLANG_WARN_BLOCK_CAPTURE_AUTORELEASING = YES;
				CLANG_WARN_BOOL_CONVERSION = YES;
				CLANG_WARN_COMMA = YES;
				CLANG_WARN_CONSTANT_CONVERSION = YES;
				CLANG_WARN_DEPRECATED_OBJC_IMPLEMENTATIONS = YES;
				CLANG_WARN_DIRECT_OBJC_ISA_USAGE = YES_ERROR;
				CLANG_WARN_DOCUMENTATION_COMMENTS = YES;
				CLANG_WARN_EMPTY_BODY = YES;
				CLANG_WARN_ENUM_CONVERSION = YES;
				CLANG_WARN_INFINITE_RECURSION = YES;
				CLANG_WARN_INT_CONVERSION = YES;
				CLANG_WARN_NON_LITERAL_NULL_CONVERSION = YES;
				CLANG_WARN_OBJC_IMPLICIT_RETAIN_SELF = YES;
				CLANG_WARN_OBJC_LITERAL_CONVERSION = YES;
				CLANG_WARN_OBJC_ROOT_CLASS = YES_ERROR;
				CLANG_WARN_QUOTED_INCLUDE_IN_FRAMEWORK_HEADER = YES;
				CLANG_WARN_RANGE_LOOP_ANALYSIS = YES;
				CLANG_WARN_STRICT_PROTOTYPES = YES;
				CLANG_WARN_SUSPICIOUS_MOVE = YES;
				CLANG_WARN_UNGUARDED_AVAILABILITY = YES_AGGRESSIVE;
				CLANG_WARN_UNREACHABLE_CODE = YES;
				CLANG_WARN__DUPLICATE_METHOD_MATCH = YES;
				COPY_PHASE_STRIP = NO;
				DEBUG_INFORMATION_FORMAT = dwarf;
				ENABLE_STRICT_OBJC_MSGSEND = YES;
				ENABLE_TESTABILITY = YES;
				GCC_C_LANGUAGE_STANDARD = gnu11;
				GCC_DYNAMIC_NO_PIC = NO;
				GCC_NO_COMMON_BLOCKS = YES;
				GCC_OPTIMIZATION_LEVEL = 0;
				GCC_PREPROCESSOR_DEFINITIONS = (
					"DEBUG=1",
					"$(inherited)",
				);
				GCC_WARN_64_TO_32_BIT_CONVERSION = YES;
				GCC_WARN_ABOUT_RETURN_TYPE = YES_ERROR;
				GCC_WARN_UNDECLARED_SELECTOR = YES;
				GCC_WARN_UNINITIALIZED_AUTOS = YES_AGGRESSIVE;
				GCC_WARN_UNUSED_FUNCTION = YES;
				GCC_WARN_UNUSED_VARIABLE = YES;
				MACOSX_DEPLOYMENT_TARGET = 11.2;
				MTL_ENABLE_DEBUG_INFO = INCLUDE_SOURCE;
				MTL_FAST_MATH = YES;
				ONLY_ACTIVE_ARCH = YES;
				SDKROOT = macosx;
			};
			name = Debug;
		};
		C276319C2658E8CA002A6313 /* Release */ = {
			isa = XCBuildConfiguration;
			buildSettings = {
				ALWAYS_SEARCH_USER_PATHS = NO;
				CLANG_ANALYZER_NONNULL = YES;
				CLANG_ANALYZER_NUMBER_OBJECT_CONVERSION = YES_AGGRESSIVE;
				CLANG_CXX_LANGUAGE_STANDARD = "gnu++14";
				CLANG_CXX_LIBRARY = "libc++";
				CLANG_ENABLE_MODULES = YES;
				CLANG_ENABLE_OBJC_ARC = YES;
				CLANG_ENABLE_OBJC_WEAK = YES;
				CLANG_WARN_BLOCK_CAPTURE_AUTORELEASING = YES;
				CLANG_WARN_BOOL_CONVERSION = YES;
				CLANG_WARN_COMMA = YES;
				CLANG_WARN_CONSTANT_CONVERSION = YES;
				CLANG_WARN_DEPRECATED_OBJC_IMPLEMENTATIONS = YES;
				CLANG_WARN_DIRECT_OBJC_ISA_USAGE = YES_ERROR;
				CLANG_WARN_DOCUMENTATION_COMMENTS = YES;
				CLANG_WARN_EMPTY_BODY = YES;
				CLANG_WARN_ENUM_CONVERSION = YES;
				CLANG_WARN_INFINITE_RECURSION = YES;
				CLANG_WARN_INT_CONVERSION = YES;
				CLANG_WARN_NON_LITERAL_NULL_CONVERSION = YES;
				CLANG_WARN_OBJC_IMPLICIT_RETAIN_SELF = YES;
				CLANG_WARN_OBJC_LITERAL_CONVERSION = YES;
				CLANG_WARN_OBJC_ROOT_CLASS = YES_ERROR;
				CLANG_WARN_QUOTED_INCLUDE_IN_FRAMEWORK_HEADER = YES;
				CLANG_WARN_RANGE_LOOP_ANALYSIS = YES;
				CLANG_WARN_STRICT_PROTOTYPES = YES;
				CLANG_WARN_SUSPICIOUS_MOVE = YES;
				CLANG_WARN_UNGUARDED_AVAILABILITY = YES_AGGRESSIVE;
				CLANG_WARN_UNREACHABLE_CODE = YES;
				CLANG_WARN__DUPLICATE_METHOD_MATCH = YES;
				COPY_PHASE_STRIP = NO;
				DEBUG_INFORMATION_FORMAT = "dwarf-with-dsym";
				ENABLE_NS_ASSERTIONS = NO;
				ENABLE_STRICT_OBJC_MSGSEND = YES;
				GCC_C_LANGUAGE_STANDARD = gnu11;
				GCC_NO_COMMON_BLOCKS = YES;
				GCC_WARN_64_TO_32_BIT_CONVERSION = YES;
				GCC_WARN_ABOUT_RETURN_TYPE = YES_ERROR;
				GCC_WARN_UNDECLARED_SELECTOR = YES;
				GCC_WARN_UNINITIALIZED_AUTOS = YES_AGGRESSIVE;
				GCC_WARN_UNUSED_FUNCTION = YES;
				GCC_WARN_UNUSED_VARIABLE = YES;
				MACOSX_DEPLOYMENT_TARGET = 11.2;
				MTL_ENABLE_DEBUG_INFO = NO;
				MTL_FAST_MATH = YES;
				SDKROOT = macosx;
			};
			name = Release;
		};
		C276319E2658E8CA002A6313 /* Debug */ = {
			isa = XCBuildConfiguration;
			buildSettings = {
				CODE_SIGN_STYLE = Automatic;
				DEVELOPMENT_TEAM = TTWJ8VQQ2V;
				ENABLE_HARDENED_RUNTIME = YES;
				PRODUCT_NAME = "$(TARGET_NAME)";
			};
			name = Debug;
		};
		C276319F2658E8CA002A6313 /* Release */ = {
			isa = XCBuildConfiguration;
			buildSettings = {
				CODE_SIGN_STYLE = Automatic;
				DEVELOPMENT_TEAM = TTWJ8VQQ2V;
				ENABLE_HARDENED_RUNTIME = YES;
				PRODUCT_NAME = "$(TARGET_NAME)";
			};
			name = Release;
		};
/* End XCBuildConfiguration section */

/* Begin XCConfigurationList section */
		C27631912658E8CA002A6313 /* Build configuration list for PBXProject "Math" */ = {
			isa = XCConfigurationList;
			buildConfigurations = (
				C276319B2658E8CA002A6313 /* Debug */,
				C276319C2658E8CA002A6313 /* Release */,
			);
			defaultConfigurationIsVisible = 0;
			defaultConfigurationName = Release;
		};
		C276319D2658E8CA002A6313 /* Build configuration list for PBXNativeTarget "Math" */ = {
			isa = XCConfigurationList;
			buildConfigurations = (
				C276319E2658E8CA002A6313 /* Debug */,
				C276319F2658E8CA002A6313 /* Release */,
			);
			defaultConfigurationIsVisible = 0;
			defaultConfigurationName = Release;
		};
/* End XCConfigurationList section */
	};
	rootObject = C276318E2658E8CA002A6313 /* Project object */;
}
